// !$*UTF8*$!
{
	archiveVersion = 1;
	classes = {
	};
	objectVersion = 46;
	objects = {

/* Begin PBXBuildFile section */
		14ABF7651BF4DBD700622178 /* AppDelegate.swift in Sources */ = {isa = PBXBuildFile; fileRef = 14ABF7641BF4DBD700622178 /* AppDelegate.swift */; };
		14ABF7671BF4DBD700622178 /* CaptureController.swift in Sources */ = {isa = PBXBuildFile; fileRef = 14ABF7661BF4DBD700622178 /* CaptureController.swift */; };
		14ABF76A1BF4DBD700622178 /* Main.storyboard in Resources */ = {isa = PBXBuildFile; fileRef = 14ABF7681BF4DBD700622178 /* Main.storyboard */; };
		14ABF76C1BF4DBD700622178 /* Assets.xcassets in Resources */ = {isa = PBXBuildFile; fileRef = 14ABF76B1BF4DBD700622178 /* Assets.xcassets */; };
		14ABF76F1BF4DBD700622178 /* LaunchScreen.storyboard in Resources */ = {isa = PBXBuildFile; fileRef = 14ABF76D1BF4DBD700622178 /* LaunchScreen.storyboard */; };
		14B5DA831BF4DED2008C69EF /* ReplayController.swift in Sources */ = {isa = PBXBuildFile; fileRef = 14B5DA821BF4DED2008C69EF /* ReplayController.swift */; };
		14B5DA851BF4F918008C69EF /* Scrubber.swift in Sources */ = {isa = PBXBuildFile; fileRef = 14B5DA841BF4F918008C69EF /* Scrubber.swift */; };
		14B5DA871BF4F94B008C69EF /* RecordStatus.swift in Sources */ = {isa = PBXBuildFile; fileRef = 14B5DA861BF4F94B008C69EF /* RecordStatus.swift */; };
		14B5DA891BF4F9AB008C69EF /* CaptureProgress.swift in Sources */ = {isa = PBXBuildFile; fileRef = 14B5DA881BF4F9AB008C69EF /* CaptureProgress.swift */; };
/* End PBXBuildFile section */

/* Begin PBXFileReference section */
		14ABF7611BF4DBD700622178 /* Replay.app */ = {isa = PBXFileReference; explicitFileType = wrapper.application; includeInIndex = 0; path = Replay.app; sourceTree = BUILT_PRODUCTS_DIR; };
		14ABF7641BF4DBD700622178 /* AppDelegate.swift */ = {isa = PBXFileReference; lastKnownFileType = sourcecode.swift; path = AppDelegate.swift; sourceTree = "<group>"; };
		14ABF7661BF4DBD700622178 /* CaptureController.swift */ = {isa = PBXFileReference; lastKnownFileType = sourcecode.swift; path = CaptureController.swift; sourceTree = "<group>"; };
		14ABF7691BF4DBD700622178 /* Base */ = {isa = PBXFileReference; lastKnownFileType = file.storyboard; name = Base; path = Base.lproj/Main.storyboard; sourceTree = "<group>"; };
		14ABF76B1BF4DBD700622178 /* Assets.xcassets */ = {isa = PBXFileReference; lastKnownFileType = folder.assetcatalog; path = Assets.xcassets; sourceTree = "<group>"; };
		14ABF76E1BF4DBD700622178 /* Base */ = {isa = PBXFileReference; lastKnownFileType = file.storyboard; name = Base; path = Base.lproj/LaunchScreen.storyboard; sourceTree = "<group>"; };
		14ABF7701BF4DBD700622178 /* Info.plist */ = {isa = PBXFileReference; lastKnownFileType = text.plist.xml; path = Info.plist; sourceTree = "<group>"; };
		14B5DA821BF4DED2008C69EF /* ReplayController.swift */ = {isa = PBXFileReference; fileEncoding = 4; lastKnownFileType = sourcecode.swift; path = ReplayController.swift; sourceTree = "<group>"; };
		14B5DA841BF4F918008C69EF /* Scrubber.swift */ = {isa = PBXFileReference; fileEncoding = 4; lastKnownFileType = sourcecode.swift; path = Scrubber.swift; sourceTree = "<group>"; };
		14B5DA861BF4F94B008C69EF /* RecordStatus.swift */ = {isa = PBXFileReference; fileEncoding = 4; lastKnownFileType = sourcecode.swift; path = RecordStatus.swift; sourceTree = "<group>"; };
		14B5DA881BF4F9AB008C69EF /* CaptureProgress.swift */ = {isa = PBXFileReference; fileEncoding = 4; lastKnownFileType = sourcecode.swift; path = CaptureProgress.swift; sourceTree = "<group>"; };
/* End PBXFileReference section */

/* Begin PBXFrameworksBuildPhase section */
		14ABF75E1BF4DBD700622178 /* Frameworks */ = {
			isa = PBXFrameworksBuildPhase;
			buildActionMask = 2147483647;
			files = (
			);
			runOnlyForDeploymentPostprocessing = 0;
		};
/* End PBXFrameworksBuildPhase section */

/* Begin PBXGroup section */
		14ABF7581BF4DBD700622178 = {
			isa = PBXGroup;
			children = (
				14ABF7631BF4DBD700622178 /* Replay */,
				14ABF7621BF4DBD700622178 /* Products */,
			);
			sourceTree = "<group>";
		};
		14ABF7621BF4DBD700622178 /* Products */ = {
			isa = PBXGroup;
			children = (
				14ABF7611BF4DBD700622178 /* Replay.app */,
			);
			name = Products;
			sourceTree = "<group>";
		};
		14ABF7631BF4DBD700622178 /* Replay */ = {
			isa = PBXGroup;
			children = (
				14ABF7681BF4DBD700622178 /* Main.storyboard */,
				14ABF7661BF4DBD700622178 /* CaptureController.swift */,
				14B5DA821BF4DED2008C69EF /* ReplayController.swift */,
				14B5DA881BF4F9AB008C69EF /* CaptureProgress.swift */,
				14B5DA861BF4F94B008C69EF /* RecordStatus.swift */,
				14B5DA841BF4F918008C69EF /* Scrubber.swift */,
				14ABF7761BF4DCB500622178 /* System */,
			);
			path = Replay;
			sourceTree = "<group>";
		};
		14ABF7761BF4DCB500622178 /* System */ = {
			isa = PBXGroup;
			children = (
				14ABF7641BF4DBD700622178 /* AppDelegate.swift */,
				14ABF76B1BF4DBD700622178 /* Assets.xcassets */,
				14ABF76D1BF4DBD700622178 /* LaunchScreen.storyboard */,
				14ABF7701BF4DBD700622178 /* Info.plist */,
			);
			name = System;
			sourceTree = "<group>";
		};
/* End PBXGroup section */

/* Begin PBXNativeTarget section */
		14ABF7601BF4DBD700622178 /* Replay */ = {
			isa = PBXNativeTarget;
			buildConfigurationList = 14ABF7731BF4DBD700622178 /* Build configuration list for PBXNativeTarget "Replay" */;
			buildPhases = (
				14ABF75D1BF4DBD700622178 /* Sources */,
				14ABF75E1BF4DBD700622178 /* Frameworks */,
				14ABF75F1BF4DBD700622178 /* Resources */,
			);
			buildRules = (
			);
			dependencies = (
			);
			name = Replay;
			productName = Replay;
			productReference = 14ABF7611BF4DBD700622178 /* Replay.app */;
			productType = "com.apple.product-type.application";
		};
/* End PBXNativeTarget section */

/* Begin PBXProject section */
		14ABF7591BF4DBD700622178 /* Project object */ = {
			isa = PBXProject;
			attributes = {
				LastSwiftUpdateCheck = 0710;
				LastUpgradeCheck = 0710;
				ORGANIZATIONNAME = "Alex Oh";
				TargetAttributes = {
					14ABF7601BF4DBD700622178 = {
						CreatedOnToolsVersion = 7.1;
					};
				};
			};
			buildConfigurationList = 14ABF75C1BF4DBD700622178 /* Build configuration list for PBXProject "Replay" */;
			compatibilityVersion = "Xcode 3.2";
			developmentRegion = English;
			hasScannedForEncodings = 0;
			knownRegions = (
				en,
				Base,
			);
			mainGroup = 14ABF7581BF4DBD700622178;
			productRefGroup = 14ABF7621BF4DBD700622178 /* Products */;
			projectDirPath = "";
			projectRoot = "";
			targets = (
				14ABF7601BF4DBD700622178 /* Replay */,
			);
		};
/* End PBXProject section */

/* Begin PBXResourcesBuildPhase section */
		14ABF75F1BF4DBD700622178 /* Resources */ = {
			isa = PBXResourcesBuildPhase;
			buildActionMask = 2147483647;
			files = (
				14ABF76F1BF4DBD700622178 /* LaunchScreen.storyboard in Resources */,
				14ABF76C1BF4DBD700622178 /* Assets.xcassets in Resources */,
				14ABF76A1BF4DBD700622178 /* Main.storyboard in Resources */,
			);
			runOnlyForDeploymentPostprocessing = 0;
		};
/* End PBXResourcesBuildPhase section */

/* Begin PBXSourcesBuildPhase section */
		14ABF75D1BF4DBD700622178 /* Sources */ = {
			isa = PBXSourcesBuildPhase;
			buildActionMask = 2147483647;
			files = (
				14ABF7671BF4DBD700622178 /* CaptureController.swift in Sources */,
				14B5DA891BF4F9AB008C69EF /* CaptureProgress.swift in Sources */,
				14B5DA851BF4F918008C69EF /* Scrubber.swift in Sources */,
				14B5DA871BF4F94B008C69EF /* RecordStatus.swift in Sources */,
				14B5DA831BF4DED2008C69EF /* ReplayController.swift in Sources */,
				14ABF7651BF4DBD700622178 /* AppDelegate.swift in Sources */,
			);
			runOnlyForDeploymentPostprocessing = 0;
		};
/* End PBXSourcesBuildPhase section */

/* Begin PBXVariantGroup section */
		14ABF7681BF4DBD700622178 /* Main.storyboard */ = {
			isa = PBXVariantGroup;
			children = (
				14ABF7691BF4DBD700622178 /* Base */,
			);
			name = Main.storyboard;
			sourceTree = "<group>";
		};
		14ABF76D1BF4DBD700622178 /* LaunchScreen.storyboard */ = {
			isa = PBXVariantGroup;
			children = (
				14ABF76E1BF4DBD700622178 /* Base */,
			);
			name = LaunchScreen.storyboard;
			sourceTree = "<group>";
		};
/* End PBXVariantGroup section */

/* Begin XCBuildConfiguration section */
		14ABF7711BF4DBD700622178 /* Debug */ = {
			isa = XCBuildConfiguration;
			buildSettings = {
				ALWAYS_SEARCH_USER_PATHS = NO;
				CLANG_CXX_LANGUAGE_STANDARD = "gnu++0x";
				CLANG_CXX_LIBRARY = "libc++";
				CLANG_ENABLE_MODULES = YES;
				CLANG_ENABLE_OBJC_ARC = YES;
				CLANG_WARN_BOOL_CONVERSION = YES;
				CLANG_WARN_CONSTANT_CONVERSION = YES;
				CLANG_WARN_DIRECT_OBJC_ISA_USAGE = YES_ERROR;
				CLANG_WARN_EMPTY_BODY = YES;
				CLANG_WARN_ENUM_CONVERSION = YES;
				CLANG_WARN_INT_CONVERSION = YES;
				CLANG_WARN_OBJC_ROOT_CLASS = YES_ERROR;
				CLANG_WARN_UNREACHABLE_CODE = YES;
				CLANG_WARN__DUPLICATE_METHOD_MATCH = YES;
				"CODE_SIGN_IDENTITY[sdk=iphoneos*]" = "iPhone Developer";
				COPY_PHASE_STRIP = NO;
				DEBUG_INFORMATION_FORMAT = dwarf;
				ENABLE_STRICT_OBJC_MSGSEND = YES;
				ENABLE_TESTABILITY = YES;
				GCC_C_LANGUAGE_STANDARD = gnu99;
				GCC_DYNAMIC_NO_PIC = NO;
				GCC_NO_COMMON_BLOCKS = YES;
				GCC_OPTIMIZATION_LEVEL = 0;
				GCC_PREPROCESSOR_DEFINITIONS = (
					"DEBUG=1",
					"$(inherited)",
				);
				GCC_WARN_64_TO_32_BIT_CONVERSION = YES;
				GCC_WARN_ABOUT_RETURN_TYPE = YES_ERROR;
				GCC_WARN_UNDECLARED_SELECTOR = YES;
				GCC_WARN_UNINITIALIZED_AUTOS = YES_AGGRESSIVE;
				GCC_WARN_UNUSED_FUNCTION = YES;
				GCC_WARN_UNUSED_VARIABLE = YES;
				IPHONEOS_DEPLOYMENT_TARGET = 9.1;
				MTL_ENABLE_DEBUG_INFO = YES;
				ONLY_ACTIVE_ARCH = YES;
				SDKROOT = iphoneos;
				SWIFT_OPTIMIZATION_LEVEL = "-Onone";
			};
			name = Debug;
		};
		14ABF7721BF4DBD700622178 /* Release */ = {
			isa = XCBuildConfiguration;
			buildSettings = {
				ALWAYS_SEARCH_USER_PATHS = NO;
				CLANG_CXX_LANGUAGE_STANDARD = "gnu++0x";
				CLANG_CXX_LIBRARY = "libc++";
				CLANG_ENABLE_MODULES = YES;
				CLANG_ENABLE_OBJC_ARC = YES;
				CLANG_WARN_BOOL_CONVERSION = YES;
				CLANG_WARN_CONSTANT_CONVERSION = YES;
				CLANG_WARN_DIRECT_OBJC_ISA_USAGE = YES_ERROR;
				CLANG_WARN_EMPTY_BODY = YES;
				CLANG_WARN_ENUM_CONVERSION = YES;
				CLANG_WARN_INT_CONVERSION = YES;
				CLANG_WARN_OBJC_ROOT_CLASS = YES_ERROR;
				CLANG_WARN_UNREACHABLE_CODE = YES;
				CLANG_WARN__DUPLICATE_METHOD_MATCH = YES;
				"CODE_SIGN_IDENTITY[sdk=iphoneos*]" = "iPhone Developer";
				COPY_PHASE_STRIP = NO;
				DEBUG_INFORMATION_FORMAT = "dwarf-with-dsym";
				ENABLE_NS_ASSERTIONS = NO;
				ENABLE_STRICT_OBJC_MSGSEND = YES;
				GCC_C_LANGUAGE_STANDARD = gnu99;
				GCC_NO_COMMON_BLOCKS = YES;
				GCC_WARN_64_TO_32_BIT_CONVERSION = YES;
				GCC_WARN_ABOUT_RETURN_TYPE = YES_ERROR;
				GCC_WARN_UNDECLARED_SELECTOR = YES;
				GCC_WARN_UNINITIALIZED_AUTOS = YES_AGGRESSIVE;
				GCC_WARN_UNUSED_FUNCTION = YES;
				GCC_WARN_UNUSED_VARIABLE = YES;
				IPHONEOS_DEPLOYMENT_TARGET = 9.1;
				MTL_ENABLE_DEBUG_INFO = NO;
				SDKROOT = iphoneos;
				VALIDATE_PRODUCT = YES;
			};
			name = Release;
		};
		14ABF7741BF4DBD700622178 /* Debug */ = {
			isa = XCBuildConfiguration;
			buildSettings = {
				ASSETCATALOG_COMPILER_APPICON_NAME = AppIcon;
				INFOPLIST_FILE = Replay/Info.plist;
				LD_RUNPATH_SEARCH_PATHS = "$(inherited) @executable_path/Frameworks";
				PRODUCT_BUNDLE_IDENTIFIER = alexoh.Replay;
				PRODUCT_NAME = "$(TARGET_NAME)";
			};
			name = Debug;
		};
		14ABF7751BF4DBD700622178 /* Release */ = {
			isa = XCBuildConfiguration;
			buildSettings = {
				ASSETCATALOG_COMPILER_APPICON_NAME = AppIcon;
				INFOPLIST_FILE = Replay/Info.plist;
				LD_RUNPATH_SEARCH_PATHS = "$(inherited) @executable_path/Frameworks";
				PRODUCT_BUNDLE_IDENTIFIER = alexoh.Replay;
				PRODUCT_NAME = "$(TARGET_NAME)";
			};
			name = Release;
		};
/* End XCBuildConfiguration section */

/* Begin XCConfigurationList section */
		14ABF75C1BF4DBD700622178 /* Build configuration list for PBXProject "Replay" */ = {
			isa = XCConfigurationList;
			buildConfigurations = (
				14ABF7711BF4DBD700622178 /* Debug */,
				14ABF7721BF4DBD700622178 /* Release */,
			);
			defaultConfigurationIsVisible = 0;
			defaultConfigurationName = Release;
		};
		14ABF7731BF4DBD700622178 /* Build configuration list for PBXNativeTarget "Replay" */ = {
			isa = XCConfigurationList;
			buildConfigurations = (
				14ABF7741BF4DBD700622178 /* Debug */,
				14ABF7751BF4DBD700622178 /* Release */,
			);
			defaultConfigurationIsVisible = 0;
			defaultConfigurationName = Release;
		};
/* End XCConfigurationList section */
	};
	rootObject = 14ABF7591BF4DBD700622178 /* Project object */;
}
